// !$*UTF8*$!
{
	archiveVersion = 1;
	classes = {
	};
	objectVersion = 50;
	objects = {

/* Begin PBXBuildFile section */
		47058B3D239DA3380052E811 /* PrototypeDetail.swift in Sources */ = {isa = PBXBuildFile; fileRef = 47058B3C239DA3380052E811 /* PrototypeDetail.swift */; };
		47058B41239EDAF70052E811 /* OutputDetail.swift in Sources */ = {isa = PBXBuildFile; fileRef = 47058B40239EDAF70052E811 /* OutputDetail.swift */; };
		473BCC6223A2D283008BF5C5 /* OutputModel.swift in Sources */ = {isa = PBXBuildFile; fileRef = 473BCC6123A2D283008BF5C5 /* OutputModel.swift */; };
		4754AAA4239B924F0009227D /* AppDelegate.swift in Sources */ = {isa = PBXBuildFile; fileRef = 4754AAA3239B924F0009227D /* AppDelegate.swift */; };
		4754AAA6239B924F0009227D /* SceneDelegate.swift in Sources */ = {isa = PBXBuildFile; fileRef = 4754AAA5239B924F0009227D /* SceneDelegate.swift */; };
		4754AAA9239B924F0009227D /* Manypulo.xcdatamodeld in Sources */ = {isa = PBXBuildFile; fileRef = 4754AAA7239B924F0009227D /* Manypulo.xcdatamodeld */; };
		4754AAAB239B924F0009227D /* ContentView.swift in Sources */ = {isa = PBXBuildFile; fileRef = 4754AAAA239B924F0009227D /* ContentView.swift */; };
		4754AAAD239B92530009227D /* Assets.xcassets in Resources */ = {isa = PBXBuildFile; fileRef = 4754AAAC239B92530009227D /* Assets.xcassets */; };
		4754AAB0239B92530009227D /* Preview Assets.xcassets in Resources */ = {isa = PBXBuildFile; fileRef = 4754AAAF239B92530009227D /* Preview Assets.xcassets */; };
		4754AAB3239B92530009227D /* LaunchScreen.storyboard in Resources */ = {isa = PBXBuildFile; fileRef = 4754AAB1239B92530009227D /* LaunchScreen.storyboard */; };
		4754AABE239B92540009227D /* ManypuloTests.swift in Sources */ = {isa = PBXBuildFile; fileRef = 4754AABD239B92540009227D /* ManypuloTests.swift */; };
		4754AAC9239B92540009227D /* ManypuloUITests.swift in Sources */ = {isa = PBXBuildFile; fileRef = 4754AAC8239B92540009227D /* ManypuloUITests.swift */; };
		4754AADB239B94630009227D /* BluetoothService.swift in Sources */ = {isa = PBXBuildFile; fileRef = 4754AAD6239B94630009227D /* BluetoothService.swift */; };
		4754AADC239B94630009227D /* Helper.swift in Sources */ = {isa = PBXBuildFile; fileRef = 4754AAD7239B94630009227D /* Helper.swift */; };
		4754AADD239B94630009227D /* Constants.swift in Sources */ = {isa = PBXBuildFile; fileRef = 4754AAD8239B94630009227D /* Constants.swift */; };
		4754AADE239B94630009227D /* ControlDatabase.swift in Sources */ = {isa = PBXBuildFile; fileRef = 4754AAD9239B94630009227D /* ControlDatabase.swift */; };
		4754AADF239B94630009227D /* Protocols.swift in Sources */ = {isa = PBXBuildFile; fileRef = 4754AADA239B94630009227D /* Protocols.swift */; };
		4781320123A057A400E9BDD4 /* RadioView.swift in Sources */ = {isa = PBXBuildFile; fileRef = 4781320023A057A400E9BDD4 /* RadioView.swift */; };
		4781320423A060A000E9BDD4 /* PrototypePlayer.swift in Sources */ = {isa = PBXBuildFile; fileRef = 4781320323A060A000E9BDD4 /* PrototypePlayer.swift */; };
		4781320623A187FE00E9BDD4 /* Manypulo.ino in Resources */ = {isa = PBXBuildFile; fileRef = 4781320523A187FE00E9BDD4 /* Manypulo.ino */; };
		478D00A3239F107E00B8ED3C /* ControlListSelection.swift in Sources */ = {isa = PBXBuildFile; fileRef = 478D00A2239F107E00B8ED3C /* ControlListSelection.swift */; };
		47DAF0BA239BBA89003B2C66 /* ControlList.swift in Sources */ = {isa = PBXBuildFile; fileRef = 47DAF0B9239BBA89003B2C66 /* ControlList.swift */; };
		47DAF0BC239BC93D003B2C66 /* ControlDetail.swift in Sources */ = {isa = PBXBuildFile; fileRef = 47DAF0BB239BC93D003B2C66 /* ControlDetail.swift */; };
		47DAF0FF239C112A003B2C66 /* ControlRow.swift in Sources */ = {isa = PBXBuildFile; fileRef = 47DAF0FE239C112A003B2C66 /* ControlRow.swift */; };
		47DAF101239C32BF003B2C66 /* OutputRow.swift in Sources */ = {isa = PBXBuildFile; fileRef = 47DAF100239C32BF003B2C66 /* OutputRow.swift */; };
		47E81793239D9F1F00E80B4E /* PrototypeList.swift in Sources */ = {isa = PBXBuildFile; fileRef = 47E81792239D9F1F00E80B4E /* PrototypeList.swift */; };
/* End PBXBuildFile section */

/* Begin PBXContainerItemProxy section */
		4754AABA239B92540009227D /* PBXContainerItemProxy */ = {
			isa = PBXContainerItemProxy;
			containerPortal = 4754AA98239B924F0009227D /* Project object */;
			proxyType = 1;
			remoteGlobalIDString = 4754AA9F239B924F0009227D;
			remoteInfo = Manypulo;
		};
		4754AAC5239B92540009227D /* PBXContainerItemProxy */ = {
			isa = PBXContainerItemProxy;
			containerPortal = 4754AA98239B924F0009227D /* Project object */;
			proxyType = 1;
			remoteGlobalIDString = 4754AA9F239B924F0009227D;
			remoteInfo = Manypulo;
		};
/* End PBXContainerItemProxy section */

/* Begin PBXFileReference section */
		47058B3C239DA3380052E811 /* PrototypeDetail.swift */ = {isa = PBXFileReference; lastKnownFileType = sourcecode.swift; path = PrototypeDetail.swift; sourceTree = "<group>"; };
		47058B3F239ED9C30052E811 /* Manypulo.entitlements */ = {isa = PBXFileReference; lastKnownFileType = text.plist.entitlements; path = Manypulo.entitlements; sourceTree = "<group>"; };
		47058B40239EDAF70052E811 /* OutputDetail.swift */ = {isa = PBXFileReference; lastKnownFileType = sourcecode.swift; path = OutputDetail.swift; sourceTree = "<group>"; };
		473BCC6123A2D283008BF5C5 /* OutputModel.swift */ = {isa = PBXFileReference; lastKnownFileType = sourcecode.swift; path = OutputModel.swift; sourceTree = "<group>"; };
		4754AAA0239B924F0009227D /* Manypulo.app */ = {isa = PBXFileReference; explicitFileType = wrapper.application; includeInIndex = 0; path = Manypulo.app; sourceTree = BUILT_PRODUCTS_DIR; };
		4754AAA3239B924F0009227D /* AppDelegate.swift */ = {isa = PBXFileReference; lastKnownFileType = sourcecode.swift; path = AppDelegate.swift; sourceTree = "<group>"; };
		4754AAA5239B924F0009227D /* SceneDelegate.swift */ = {isa = PBXFileReference; lastKnownFileType = sourcecode.swift; path = SceneDelegate.swift; sourceTree = "<group>"; };
		4754AAA8239B924F0009227D /* Manypulo.xcdatamodel */ = {isa = PBXFileReference; lastKnownFileType = wrapper.xcdatamodel; path = Manypulo.xcdatamodel; sourceTree = "<group>"; };
		4754AAAA239B924F0009227D /* ContentView.swift */ = {isa = PBXFileReference; lastKnownFileType = sourcecode.swift; path = ContentView.swift; sourceTree = "<group>"; };
		4754AAAC239B92530009227D /* Assets.xcassets */ = {isa = PBXFileReference; lastKnownFileType = folder.assetcatalog; path = Assets.xcassets; sourceTree = "<group>"; };
		4754AAAF239B92530009227D /* Preview Assets.xcassets */ = {isa = PBXFileReference; lastKnownFileType = folder.assetcatalog; path = "Preview Assets.xcassets"; sourceTree = "<group>"; };
		4754AAB2239B92530009227D /* Base */ = {isa = PBXFileReference; lastKnownFileType = file.storyboard; name = Base; path = Base.lproj/LaunchScreen.storyboard; sourceTree = "<group>"; };
		4754AAB4239B92530009227D /* Info.plist */ = {isa = PBXFileReference; lastKnownFileType = text.plist.xml; path = Info.plist; sourceTree = "<group>"; };
		4754AAB9239B92540009227D /* ManypuloTests.xctest */ = {isa = PBXFileReference; explicitFileType = wrapper.cfbundle; includeInIndex = 0; path = ManypuloTests.xctest; sourceTree = BUILT_PRODUCTS_DIR; };
		4754AABD239B92540009227D /* ManypuloTests.swift */ = {isa = PBXFileReference; lastKnownFileType = sourcecode.swift; path = ManypuloTests.swift; sourceTree = "<group>"; };
		4754AABF239B92540009227D /* Info.plist */ = {isa = PBXFileReference; lastKnownFileType = text.plist.xml; path = Info.plist; sourceTree = "<group>"; };
		4754AAC4239B92540009227D /* ManypuloUITests.xctest */ = {isa = PBXFileReference; explicitFileType = wrapper.cfbundle; includeInIndex = 0; path = ManypuloUITests.xctest; sourceTree = BUILT_PRODUCTS_DIR; };
		4754AAC8239B92540009227D /* ManypuloUITests.swift */ = {isa = PBXFileReference; lastKnownFileType = sourcecode.swift; path = ManypuloUITests.swift; sourceTree = "<group>"; };
		4754AACA239B92540009227D /* Info.plist */ = {isa = PBXFileReference; lastKnownFileType = text.plist.xml; path = Info.plist; sourceTree = "<group>"; };
		4754AAD6239B94630009227D /* BluetoothService.swift */ = {isa = PBXFileReference; fileEncoding = 4; lastKnownFileType = sourcecode.swift; path = BluetoothService.swift; sourceTree = "<group>"; };
		4754AAD7239B94630009227D /* Helper.swift */ = {isa = PBXFileReference; fileEncoding = 4; lastKnownFileType = sourcecode.swift; path = Helper.swift; sourceTree = "<group>"; };
		4754AAD8239B94630009227D /* Constants.swift */ = {isa = PBXFileReference; fileEncoding = 4; lastKnownFileType = sourcecode.swift; path = Constants.swift; sourceTree = "<group>"; };
		4754AAD9239B94630009227D /* ControlDatabase.swift */ = {isa = PBXFileReference; fileEncoding = 4; lastKnownFileType = sourcecode.swift; path = ControlDatabase.swift; sourceTree = "<group>"; };
		4754AADA239B94630009227D /* Protocols.swift */ = {isa = PBXFileReference; fileEncoding = 4; lastKnownFileType = sourcecode.swift; path = Protocols.swift; sourceTree = "<group>"; };
		4781320023A057A400E9BDD4 /* RadioView.swift */ = {isa = PBXFileReference; lastKnownFileType = sourcecode.swift; path = RadioView.swift; sourceTree = "<group>"; };
		4781320323A060A000E9BDD4 /* PrototypePlayer.swift */ = {isa = PBXFileReference; lastKnownFileType = sourcecode.swift; path = PrototypePlayer.swift; sourceTree = "<group>"; };
		4781320523A187FE00E9BDD4 /* Manypulo.ino */ = {isa = PBXFileReference; fileEncoding = 4; lastKnownFileType = text; path = Manypulo.ino; sourceTree = "<group>"; };
		478D00A2239F107E00B8ED3C /* ControlListSelection.swift */ = {isa = PBXFileReference; lastKnownFileType = sourcecode.swift; path = ControlListSelection.swift; sourceTree = "<group>"; };
		47DAF0AB239BA43B003B2C66 /* README.md */ = {isa = PBXFileReference; lastKnownFileType = net.daringfireball.markdown; path = README.md; sourceTree = "<group>"; };
		47DAF0B9239BBA89003B2C66 /* ControlList.swift */ = {isa = PBXFileReference; lastKnownFileType = sourcecode.swift; path = ControlList.swift; sourceTree = "<group>"; };
		47DAF0BB239BC93D003B2C66 /* ControlDetail.swift */ = {isa = PBXFileReference; lastKnownFileType = sourcecode.swift; path = ControlDetail.swift; sourceTree = "<group>"; };
		47DAF0FE239C112A003B2C66 /* ControlRow.swift */ = {isa = PBXFileReference; lastKnownFileType = sourcecode.swift; path = ControlRow.swift; sourceTree = "<group>"; };
		47DAF100239C32BF003B2C66 /* OutputRow.swift */ = {isa = PBXFileReference; lastKnownFileType = sourcecode.swift; path = OutputRow.swift; sourceTree = "<group>"; };
		47E81792239D9F1F00E80B4E /* PrototypeList.swift */ = {isa = PBXFileReference; lastKnownFileType = sourcecode.swift; path = PrototypeList.swift; sourceTree = "<group>"; };
/* End PBXFileReference section */

/* Begin PBXFrameworksBuildPhase section */
		4754AA9D239B924F0009227D /* Frameworks */ = {
			isa = PBXFrameworksBuildPhase;
			buildActionMask = 2147483647;
			files = (
			);
			runOnlyForDeploymentPostprocessing = 0;
		};
		4754AAB6239B92540009227D /* Frameworks */ = {
			isa = PBXFrameworksBuildPhase;
			buildActionMask = 2147483647;
			files = (
			);
			runOnlyForDeploymentPostprocessing = 0;
		};
		4754AAC1239B92540009227D /* Frameworks */ = {
			isa = PBXFrameworksBuildPhase;
			buildActionMask = 2147483647;
			files = (
			);
			runOnlyForDeploymentPostprocessing = 0;
		};
/* End PBXFrameworksBuildPhase section */

/* Begin PBXGroup section */
		47058B3E239DA5440052E811 /* Prototype */ = {
			isa = PBXGroup;
			children = (
				47E81792239D9F1F00E80B4E /* PrototypeList.swift */,
				47058B3C239DA3380052E811 /* PrototypeDetail.swift */,
				47DAF100239C32BF003B2C66 /* OutputRow.swift */,
				47058B40239EDAF70052E811 /* OutputDetail.swift */,
				478D00A2239F107E00B8ED3C /* ControlListSelection.swift */,
			);
			path = Prototype;
			sourceTree = "<group>";
		};
		4754AA97239B924F0009227D = {
			isa = PBXGroup;
			children = (
				4781320523A187FE00E9BDD4 /* Manypulo.ino */,
				47DAF0AB239BA43B003B2C66 /* README.md */,
				4754AAA2239B924F0009227D /* Manypulo */,
				4754AABC239B92540009227D /* ManypuloTests */,
				4754AAC7239B92540009227D /* ManypuloUITests */,
				4754AAA1239B924F0009227D /* Products */,
			);
			sourceTree = "<group>";
		};
		4754AAA1239B924F0009227D /* Products */ = {
			isa = PBXGroup;
			children = (
				4754AAA0239B924F0009227D /* Manypulo.app */,
				4754AAB9239B92540009227D /* ManypuloTests.xctest */,
				4754AAC4239B92540009227D /* ManypuloUITests.xctest */,
			);
			name = Products;
			sourceTree = "<group>";
		};
		4754AAA2239B924F0009227D /* Manypulo */ = {
			isa = PBXGroup;
			children = (
				47058B3F239ED9C30052E811 /* Manypulo.entitlements */,
				4780D8F7239C6B00001C2EAA /* Delegate */,
				4780D8F8239C6B0D001C2EAA /* Views */,
				4780D8F6239C6AE6001C2EAA /* Model */,
				4754AAAC239B92530009227D /* Assets.xcassets */,
				4754AAB1239B92530009227D /* LaunchScreen.storyboard */,
				4754AAB4239B92530009227D /* Info.plist */,
				4754AAA7239B924F0009227D /* Manypulo.xcdatamodeld */,
				4754AAAE239B92530009227D /* Preview Content */,
			);
			path = Manypulo;
			sourceTree = "<group>";
		};
		4754AAAE239B92530009227D /* Preview Content */ = {
			isa = PBXGroup;
			children = (
				4754AAAF239B92530009227D /* Preview Assets.xcassets */,
			);
			path = "Preview Content";
			sourceTree = "<group>";
		};
		4754AABC239B92540009227D /* ManypuloTests */ = {
			isa = PBXGroup;
			children = (
				4754AABD239B92540009227D /* ManypuloTests.swift */,
				4754AABF239B92540009227D /* Info.plist */,
			);
			path = ManypuloTests;
			sourceTree = "<group>";
		};
		4754AAC7239B92540009227D /* ManypuloUITests */ = {
			isa = PBXGroup;
			children = (
				4754AAC8239B92540009227D /* ManypuloUITests.swift */,
				4754AACA239B92540009227D /* Info.plist */,
			);
			path = ManypuloUITests;
			sourceTree = "<group>";
		};
		4780D8F6239C6AE6001C2EAA /* Model */ = {
			isa = PBXGroup;
			children = (
				4754AAD6239B94630009227D /* BluetoothService.swift */,
				4754AAD9239B94630009227D /* ControlDatabase.swift */,
				4754AAD8239B94630009227D /* Constants.swift */,
				4754AAD7239B94630009227D /* Helper.swift */,
				4754AADA239B94630009227D /* Protocols.swift */,
			);
			path = Model;
			sourceTree = "<group>";
		};
		4780D8F7239C6B00001C2EAA /* Delegate */ = {
			isa = PBXGroup;
			children = (
				4754AAA3239B924F0009227D /* AppDelegate.swift */,
				4754AAA5239B924F0009227D /* SceneDelegate.swift */,
			);
			path = Delegate;
			sourceTree = "<group>";
		};
		4780D8F8239C6B0D001C2EAA /* Views */ = {
			isa = PBXGroup;
			children = (
				4781320223A057AA00E9BDD4 /* Play */,
				4754AAAA239B924F0009227D /* ContentView.swift */,
				47E81791239D9F0200E80B4E /* Controls */,
				47058B3E239DA5440052E811 /* Prototype */,
			);
			path = Views;
			sourceTree = "<group>";
		};
		4781320223A057AA00E9BDD4 /* Play */ = {
			isa = PBXGroup;
			children = (
				4781320323A060A000E9BDD4 /* PrototypePlayer.swift */,
				4781320023A057A400E9BDD4 /* RadioView.swift */,
			);
			path = Play;
			sourceTree = "<group>";
		};
		47E81791239D9F0200E80B4E /* Controls */ = {
			isa = PBXGroup;
			children = (
				47DAF0B9239BBA89003B2C66 /* ControlList.swift */,
				473BCC6123A2D283008BF5C5 /* OutputModel.swift */,
				47DAF0FE239C112A003B2C66 /* ControlRow.swift */,
				47DAF0BB239BC93D003B2C66 /* ControlDetail.swift */,
			);
			path = Controls;
			sourceTree = "<group>";
		};
/* End PBXGroup section */

/* Begin PBXNativeTarget section */
		4754AA9F239B924F0009227D /* Manypulo */ = {
			isa = PBXNativeTarget;
			buildConfigurationList = 4754AACD239B92540009227D /* Build configuration list for PBXNativeTarget "Manypulo" */;
			buildPhases = (
				4754AA9C239B924F0009227D /* Sources */,
				4754AA9D239B924F0009227D /* Frameworks */,
				4754AA9E239B924F0009227D /* Resources */,
			);
			buildRules = (
			);
			dependencies = (
			);
			name = Manypulo;
			productName = Manypulo;
			productReference = 4754AAA0239B924F0009227D /* Manypulo.app */;
			productType = "com.apple.product-type.application";
		};
		4754AAB8239B92540009227D /* ManypuloTests */ = {
			isa = PBXNativeTarget;
			buildConfigurationList = 4754AAD0239B92540009227D /* Build configuration list for PBXNativeTarget "ManypuloTests" */;
			buildPhases = (
				4754AAB5239B92540009227D /* Sources */,
				4754AAB6239B92540009227D /* Frameworks */,
				4754AAB7239B92540009227D /* Resources */,
			);
			buildRules = (
			);
			dependencies = (
				4754AABB239B92540009227D /* PBXTargetDependency */,
			);
			name = ManypuloTests;
			productName = ManypuloTests;
			productReference = 4754AAB9239B92540009227D /* ManypuloTests.xctest */;
			productType = "com.apple.product-type.bundle.unit-test";
		};
		4754AAC3239B92540009227D /* ManypuloUITests */ = {
			isa = PBXNativeTarget;
			buildConfigurationList = 4754AAD3239B92540009227D /* Build configuration list for PBXNativeTarget "ManypuloUITests" */;
			buildPhases = (
				4754AAC0239B92540009227D /* Sources */,
				4754AAC1239B92540009227D /* Frameworks */,
				4754AAC2239B92540009227D /* Resources */,
			);
			buildRules = (
			);
			dependencies = (
				4754AAC6239B92540009227D /* PBXTargetDependency */,
			);
			name = ManypuloUITests;
			productName = ManypuloUITests;
			productReference = 4754AAC4239B92540009227D /* ManypuloUITests.xctest */;
			productType = "com.apple.product-type.bundle.ui-testing";
		};
/* End PBXNativeTarget section */

/* Begin PBXProject section */
		4754AA98239B924F0009227D /* Project object */ = {
			isa = PBXProject;
			attributes = {
				LastSwiftUpdateCheck = 1120;
				LastUpgradeCheck = 1120;
				ORGANIZATIONNAME = "Tassilo Bouwman";
				TargetAttributes = {
					4754AA9F239B924F0009227D = {
						CreatedOnToolsVersion = 11.2.1;
					};
					4754AAB8239B92540009227D = {
						CreatedOnToolsVersion = 11.2.1;
						TestTargetID = 4754AA9F239B924F0009227D;
					};
					4754AAC3239B92540009227D = {
						CreatedOnToolsVersion = 11.2.1;
						TestTargetID = 4754AA9F239B924F0009227D;
					};
				};
			};
			buildConfigurationList = 4754AA9B239B924F0009227D /* Build configuration list for PBXProject "Manypulo" */;
			compatibilityVersion = "Xcode 9.3";
			developmentRegion = en;
			hasScannedForEncodings = 0;
			knownRegions = (
				en,
				Base,
			);
			mainGroup = 4754AA97239B924F0009227D;
			productRefGroup = 4754AAA1239B924F0009227D /* Products */;
			projectDirPath = "";
			projectRoot = "";
			targets = (
				4754AA9F239B924F0009227D /* Manypulo */,
				4754AAB8239B92540009227D /* ManypuloTests */,
				4754AAC3239B92540009227D /* ManypuloUITests */,
			);
		};
/* End PBXProject section */

/* Begin PBXResourcesBuildPhase section */
		4754AA9E239B924F0009227D /* Resources */ = {
			isa = PBXResourcesBuildPhase;
			buildActionMask = 2147483647;
			files = (
				4754AAB3239B92530009227D /* LaunchScreen.storyboard in Resources */,
				4781320623A187FE00E9BDD4 /* Manypulo.ino in Resources */,
				4754AAB0239B92530009227D /* Preview Assets.xcassets in Resources */,
				4754AAAD239B92530009227D /* Assets.xcassets in Resources */,
			);
			runOnlyForDeploymentPostprocessing = 0;
		};
		4754AAB7239B92540009227D /* Resources */ = {
			isa = PBXResourcesBuildPhase;
			buildActionMask = 2147483647;
			files = (
			);
			runOnlyForDeploymentPostprocessing = 0;
		};
		4754AAC2239B92540009227D /* Resources */ = {
			isa = PBXResourcesBuildPhase;
			buildActionMask = 2147483647;
			files = (
			);
			runOnlyForDeploymentPostprocessing = 0;
		};
/* End PBXResourcesBuildPhase section */

/* Begin PBXSourcesBuildPhase section */
		4754AA9C239B924F0009227D /* Sources */ = {
			isa = PBXSourcesBuildPhase;
			buildActionMask = 2147483647;
			files = (
				478D00A3239F107E00B8ED3C /* ControlListSelection.swift in Sources */,
				47DAF0FF239C112A003B2C66 /* ControlRow.swift in Sources */,
				473BCC6223A2D283008BF5C5 /* OutputModel.swift in Sources */,
				47058B41239EDAF70052E811 /* OutputDetail.swift in Sources */,
				4754AAA4239B924F0009227D /* AppDelegate.swift in Sources */,
				4754AAA9239B924F0009227D /* Manypulo.xcdatamodeld in Sources */,
				4754AAAB239B924F0009227D /* ContentView.swift in Sources */,
				4781320123A057A400E9BDD4 /* RadioView.swift in Sources */,
				47DAF0BC239BC93D003B2C66 /* ControlDetail.swift in Sources */,
				4754AADF239B94630009227D /* Protocols.swift in Sources */,
				47058B3D239DA3380052E811 /* PrototypeDetail.swift in Sources */,
				4754AADE239B94630009227D /* ControlDatabase.swift in Sources */,
				4781320423A060A000E9BDD4 /* PrototypePlayer.swift in Sources */,
				47DAF0BA239BBA89003B2C66 /* ControlList.swift in Sources */,
				47E81793239D9F1F00E80B4E /* PrototypeList.swift in Sources */,
				4754AAA6239B924F0009227D /* SceneDelegate.swift in Sources */,
				4754AADD239B94630009227D /* Constants.swift in Sources */,
				4754AADB239B94630009227D /* BluetoothService.swift in Sources */,
				4754AADC239B94630009227D /* Helper.swift in Sources */,
				47DAF101239C32BF003B2C66 /* OutputRow.swift in Sources */,
			);
			runOnlyForDeploymentPostprocessing = 0;
		};
		4754AAB5239B92540009227D /* Sources */ = {
			isa = PBXSourcesBuildPhase;
			buildActionMask = 2147483647;
			files = (
				4754AABE239B92540009227D /* ManypuloTests.swift in Sources */,
			);
			runOnlyForDeploymentPostprocessing = 0;
		};
		4754AAC0239B92540009227D /* Sources */ = {
			isa = PBXSourcesBuildPhase;
			buildActionMask = 2147483647;
			files = (
				4754AAC9239B92540009227D /* ManypuloUITests.swift in Sources */,
			);
			runOnlyForDeploymentPostprocessing = 0;
		};
/* End PBXSourcesBuildPhase section */

/* Begin PBXTargetDependency section */
		4754AABB239B92540009227D /* PBXTargetDependency */ = {
			isa = PBXTargetDependency;
			target = 4754AA9F239B924F0009227D /* Manypulo */;
			targetProxy = 4754AABA239B92540009227D /* PBXContainerItemProxy */;
		};
		4754AAC6239B92540009227D /* PBXTargetDependency */ = {
			isa = PBXTargetDependency;
			target = 4754AA9F239B924F0009227D /* Manypulo */;
			targetProxy = 4754AAC5239B92540009227D /* PBXContainerItemProxy */;
		};
/* End PBXTargetDependency section */

/* Begin PBXVariantGroup section */
		4754AAB1239B92530009227D /* LaunchScreen.storyboard */ = {
			isa = PBXVariantGroup;
			children = (
				4754AAB2239B92530009227D /* Base */,
			);
			name = LaunchScreen.storyboard;
			sourceTree = "<group>";
		};
/* End PBXVariantGroup section */

/* Begin XCBuildConfiguration section */
		4754AACB239B92540009227D /* Debug */ = {
			isa = XCBuildConfiguration;
			buildSettings = {
				ALWAYS_SEARCH_USER_PATHS = NO;
				CLANG_ANALYZER_NONNULL = YES;
				CLANG_ANALYZER_NUMBER_OBJECT_CONVERSION = YES_AGGRESSIVE;
				CLANG_CXX_LANGUAGE_STANDARD = "gnu++14";
				CLANG_CXX_LIBRARY = "libc++";
				CLANG_ENABLE_MODULES = YES;
				CLANG_ENABLE_OBJC_ARC = YES;
				CLANG_ENABLE_OBJC_WEAK = YES;
				CLANG_WARN_BLOCK_CAPTURE_AUTORELEASING = YES;
				CLANG_WARN_BOOL_CONVERSION = YES;
				CLANG_WARN_COMMA = YES;
				CLANG_WARN_CONSTANT_CONVERSION = YES;
				CLANG_WARN_DEPRECATED_OBJC_IMPLEMENTATIONS = YES;
				CLANG_WARN_DIRECT_OBJC_ISA_USAGE = YES_ERROR;
				CLANG_WARN_DOCUMENTATION_COMMENTS = YES;
				CLANG_WARN_EMPTY_BODY = YES;
				CLANG_WARN_ENUM_CONVERSION = YES;
				CLANG_WARN_INFINITE_RECURSION = YES;
				CLANG_WARN_INT_CONVERSION = YES;
				CLANG_WARN_NON_LITERAL_NULL_CONVERSION = YES;
				CLANG_WARN_OBJC_IMPLICIT_RETAIN_SELF = YES;
				CLANG_WARN_OBJC_LITERAL_CONVERSION = YES;
				CLANG_WARN_OBJC_ROOT_CLASS = YES_ERROR;
				CLANG_WARN_RANGE_LOOP_ANALYSIS = YES;
				CLANG_WARN_STRICT_PROTOTYPES = YES;
				CLANG_WARN_SUSPICIOUS_MOVE = YES;
				CLANG_WARN_UNGUARDED_AVAILABILITY = YES_AGGRESSIVE;
				CLANG_WARN_UNREACHABLE_CODE = YES;
				CLANG_WARN__DUPLICATE_METHOD_MATCH = YES;
				COPY_PHASE_STRIP = NO;
				DEBUG_INFORMATION_FORMAT = dwarf;
				ENABLE_STRICT_OBJC_MSGSEND = YES;
				ENABLE_TESTABILITY = YES;
				GCC_C_LANGUAGE_STANDARD = gnu11;
				GCC_DYNAMIC_NO_PIC = NO;
				GCC_NO_COMMON_BLOCKS = YES;
				GCC_OPTIMIZATION_LEVEL = 0;
				GCC_PREPROCESSOR_DEFINITIONS = (
					"DEBUG=1",
					"$(inherited)",
				);
				GCC_WARN_64_TO_32_BIT_CONVERSION = YES;
				GCC_WARN_ABOUT_RETURN_TYPE = YES_ERROR;
				GCC_WARN_UNDECLARED_SELECTOR = YES;
				GCC_WARN_UNINITIALIZED_AUTOS = YES_AGGRESSIVE;
				GCC_WARN_UNUSED_FUNCTION = YES;
				GCC_WARN_UNUSED_VARIABLE = YES;
				IPHONEOS_DEPLOYMENT_TARGET = 13.2;
				MTL_ENABLE_DEBUG_INFO = INCLUDE_SOURCE;
				MTL_FAST_MATH = YES;
				ONLY_ACTIVE_ARCH = YES;
				SDKROOT = iphoneos;
				SWIFT_ACTIVE_COMPILATION_CONDITIONS = DEBUG;
				SWIFT_OPTIMIZATION_LEVEL = "-Onone";
			};
			name = Debug;
		};
		4754AACC239B92540009227D /* Release */ = {
			isa = XCBuildConfiguration;
			buildSettings = {
				ALWAYS_SEARCH_USER_PATHS = NO;
				CLANG_ANALYZER_NONNULL = YES;
				CLANG_ANALYZER_NUMBER_OBJECT_CONVERSION = YES_AGGRESSIVE;
				CLANG_CXX_LANGUAGE_STANDARD = "gnu++14";
				CLANG_CXX_LIBRARY = "libc++";
				CLANG_ENABLE_MODULES = YES;
				CLANG_ENABLE_OBJC_ARC = YES;
				CLANG_ENABLE_OBJC_WEAK = YES;
				CLANG_WARN_BLOCK_CAPTURE_AUTORELEASING = YES;
				CLANG_WARN_BOOL_CONVERSION = YES;
				CLANG_WARN_COMMA = YES;
				CLANG_WARN_CONSTANT_CONVERSION = YES;
				CLANG_WARN_DEPRECATED_OBJC_IMPLEMENTATIONS = YES;
				CLANG_WARN_DIRECT_OBJC_ISA_USAGE = YES_ERROR;
				CLANG_WARN_DOCUMENTATION_COMMENTS = YES;
				CLANG_WARN_EMPTY_BODY = YES;
				CLANG_WARN_ENUM_CONVERSION = YES;
				CLANG_WARN_INFINITE_RECURSION = YES;
				CLANG_WARN_INT_CONVERSION = YES;
				CLANG_WARN_NON_LITERAL_NULL_CONVERSION = YES;
				CLANG_WARN_OBJC_IMPLICIT_RETAIN_SELF = YES;
				CLANG_WARN_OBJC_LITERAL_CONVERSION = YES;
				CLANG_WARN_OBJC_ROOT_CLASS = YES_ERROR;
				CLANG_WARN_RANGE_LOOP_ANALYSIS = YES;
				CLANG_WARN_STRICT_PROTOTYPES = YES;
				CLANG_WARN_SUSPICIOUS_MOVE = YES;
				CLANG_WARN_UNGUARDED_AVAILABILITY = YES_AGGRESSIVE;
				CLANG_WARN_UNREACHABLE_CODE = YES;
				CLANG_WARN__DUPLICATE_METHOD_MATCH = YES;
				COPY_PHASE_STRIP = NO;
				DEBUG_INFORMATION_FORMAT = "dwarf-with-dsym";
				ENABLE_NS_ASSERTIONS = NO;
				ENABLE_STRICT_OBJC_MSGSEND = YES;
				GCC_C_LANGUAGE_STANDARD = gnu11;
				GCC_NO_COMMON_BLOCKS = YES;
				GCC_WARN_64_TO_32_BIT_CONVERSION = YES;
				GCC_WARN_ABOUT_RETURN_TYPE = YES_ERROR;
				GCC_WARN_UNDECLARED_SELECTOR = YES;
				GCC_WARN_UNINITIALIZED_AUTOS = YES_AGGRESSIVE;
				GCC_WARN_UNUSED_FUNCTION = YES;
				GCC_WARN_UNUSED_VARIABLE = YES;
				IPHONEOS_DEPLOYMENT_TARGET = 13.2;
				MTL_ENABLE_DEBUG_INFO = NO;
				MTL_FAST_MATH = YES;
				SDKROOT = iphoneos;
				SWIFT_COMPILATION_MODE = wholemodule;
				SWIFT_OPTIMIZATION_LEVEL = "-O";
				VALIDATE_PRODUCT = YES;
			};
			name = Release;
		};
		4754AACE239B92540009227D /* Debug */ = {
			isa = XCBuildConfiguration;
			buildSettings = {
				ASSETCATALOG_COMPILER_APPICON_NAME = AppIcon;
				CODE_SIGN_ENTITLEMENTS = Manypulo/Manypulo.entitlements;
				CODE_SIGN_STYLE = Automatic;
				CURRENT_PROJECT_VERSION = 5;
				DERIVE_MACCATALYST_PRODUCT_BUNDLE_IDENTIFIER = YES;
				DEVELOPMENT_ASSET_PATHS = "\"Manypulo/Preview Content\"";
				DEVELOPMENT_TEAM = A66LE5ZVQX;
				ENABLE_PREVIEWS = YES;
				INFOPLIST_FILE = Manypulo/Info.plist;
				LD_RUNPATH_SEARCH_PATHS = (
					"$(inherited)",
					"@executable_path/Frameworks",
				);
				PRODUCT_BUNDLE_IDENTIFIER = tassilo.bouwman.Manypulo;
				PRODUCT_NAME = "$(TARGET_NAME)";
				SUPPORTS_MACCATALYST = YES;
				SWIFT_VERSION = 5.0;
				TARGETED_DEVICE_FAMILY = "1,2";
			};
			name = Debug;
		};
		4754AACF239B92540009227D /* Release */ = {
			isa = XCBuildConfiguration;
			buildSettings = {
				ASSETCATALOG_COMPILER_APPICON_NAME = AppIcon;
				CODE_SIGN_ENTITLEMENTS = Manypulo/Manypulo.entitlements;
				CODE_SIGN_STYLE = Automatic;
				CURRENT_PROJECT_VERSION = 5;
				DERIVE_MACCATALYST_PRODUCT_BUNDLE_IDENTIFIER = YES;
				DEVELOPMENT_ASSET_PATHS = "\"Manypulo/Preview Content\"";
				DEVELOPMENT_TEAM = A66LE5ZVQX;
				ENABLE_PREVIEWS = YES;
				INFOPLIST_FILE = Manypulo/Info.plist;
				LD_RUNPATH_SEARCH_PATHS = (
					"$(inherited)",
					"@executable_path/Frameworks",
				);
				PRODUCT_BUNDLE_IDENTIFIER = tassilo.bouwman.Manypulo;
				PRODUCT_NAME = "$(TARGET_NAME)";
				SUPPORTS_MACCATALYST = YES;
				SWIFT_VERSION = 5.0;
				TARGETED_DEVICE_FAMILY = "1,2";
			};
			name = Release;
		};
		4754AAD1239B92540009227D /* Debug */ = {
			isa = XCBuildConfiguration;
			buildSettings = {
				ALWAYS_EMBED_SWIFT_STANDARD_LIBRARIES = YES;
				BUNDLE_LOADER = "$(TEST_HOST)";
				CODE_SIGN_STYLE = Automatic;
				DEVELOPMENT_TEAM = A66LE5ZVQX;
				INFOPLIST_FILE = ManypuloTests/Info.plist;
				IPHONEOS_DEPLOYMENT_TARGET = 13.2;
				LD_RUNPATH_SEARCH_PATHS = (
					"$(inherited)",
					"@executable_path/Frameworks",
					"@loader_path/Frameworks",
				);
				PRODUCT_BUNDLE_IDENTIFIER = tassilo.bouwman.ManypuloTests;
				PRODUCT_NAME = "$(TARGET_NAME)";
				SWIFT_VERSION = 5.0;
				TARGETED_DEVICE_FAMILY = "1,2";
				TEST_HOST = "$(BUILT_PRODUCTS_DIR)/Manypulo.app/Manypulo";
			};
			name = Debug;
		};
		4754AAD2239B92540009227D /* Release */ = {
			isa = XCBuildConfiguration;
			buildSettings = {
				ALWAYS_EMBED_SWIFT_STANDARD_LIBRARIES = YES;
				BUNDLE_LOADER = "$(TEST_HOST)";
				CODE_SIGN_STYLE = Automatic;
				DEVELOPMENT_TEAM = A66LE5ZVQX;
				INFOPLIST_FILE = ManypuloTests/Info.plist;
				IPHONEOS_DEPLOYMENT_TARGET = 13.2;
				LD_RUNPATH_SEARCH_PATHS = (
					"$(inherited)",
					"@executable_path/Frameworks",
					"@loader_path/Frameworks",
				);
				PRODUCT_BUNDLE_IDENTIFIER = tassilo.bouwman.ManypuloTests;
				PRODUCT_NAME = "$(TARGET_NAME)";
				SWIFT_VERSION = 5.0;
				TARGETED_DEVICE_FAMILY = "1,2";
				TEST_HOST = "$(BUILT_PRODUCTS_DIR)/Manypulo.app/Manypulo";
			};
			name = Release;
		};
		4754AAD4239B92540009227D /* Debug */ = {
			isa = XCBuildConfiguration;
			buildSettings = {
				ALWAYS_EMBED_SWIFT_STANDARD_LIBRARIES = YES;
				CODE_SIGN_STYLE = Automatic;
				DEVELOPMENT_TEAM = A66LE5ZVQX;
				INFOPLIST_FILE = ManypuloUITests/Info.plist;
				LD_RUNPATH_SEARCH_PATHS = (
					"$(inherited)",
					"@executable_path/Frameworks",
					"@loader_path/Frameworks",
				);
				PRODUCT_BUNDLE_IDENTIFIER = tassilo.bouwman.ManypuloUITests;
				PRODUCT_NAME = "$(TARGET_NAME)";
				SWIFT_VERSION = 5.0;
				TARGETED_DEVICE_FAMILY = "1,2";
				TEST_TARGET_NAME = Manypulo;
			};
			name = Debug;
		};
		4754AAD5239B92540009227D /* Release */ = {
			isa = XCBuildConfiguration;
			buildSettings = {
				ALWAYS_EMBED_SWIFT_STANDARD_LIBRARIES = YES;
				CODE_SIGN_STYLE = Automatic;
				DEVELOPMENT_TEAM = A66LE5ZVQX;
				INFOPLIST_FILE = ManypuloUITests/Info.plist;
				LD_RUNPATH_SEARCH_PATHS = (
					"$(inherited)",
					"@executable_path/Frameworks",
					"@loader_path/Frameworks",
				);
				PRODUCT_BUNDLE_IDENTIFIER = tassilo.bouwman.ManypuloUITests;
				PRODUCT_NAME = "$(TARGET_NAME)";
				SWIFT_VERSION = 5.0;
				TARGETED_DEVICE_FAMILY = "1,2";
				TEST_TARGET_NAME = Manypulo;
			};
			name = Release;
		};
/* End XCBuildConfiguration section */

/* Begin XCConfigurationList section */
		4754AA9B239B924F0009227D /* Build configuration list for PBXProject "Manypulo" */ = {
			isa = XCConfigurationList;
			buildConfigurations = (
				4754AACB239B92540009227D /* Debug */,
				4754AACC239B92540009227D /* Release */,
			);
			defaultConfigurationIsVisible = 0;
			defaultConfigurationName = Release;
		};
		4754AACD239B92540009227D /* Build configuration list for PBXNativeTarget "Manypulo" */ = {
			isa = XCConfigurationList;
			buildConfigurations = (
				4754AACE239B92540009227D /* Debug */,
				4754AACF239B92540009227D /* Release */,
			);
			defaultConfigurationIsVisible = 0;
			defaultConfigurationName = Release;
		};
		4754AAD0239B92540009227D /* Build configuration list for PBXNativeTarget "ManypuloTests" */ = {
			isa = XCConfigurationList;
			buildConfigurations = (
				4754AAD1239B92540009227D /* Debug */,
				4754AAD2239B92540009227D /* Release */,
			);
			defaultConfigurationIsVisible = 0;
			defaultConfigurationName = Release;
		};
		4754AAD3239B92540009227D /* Build configuration list for PBXNativeTarget "ManypuloUITests" */ = {
			isa = XCConfigurationList;
			buildConfigurations = (
				4754AAD4239B92540009227D /* Debug */,
				4754AAD5239B92540009227D /* Release */,
			);
			defaultConfigurationIsVisible = 0;
			defaultConfigurationName = Release;
		};
/* End XCConfigurationList section */

/* Begin XCVersionGroup section */
		4754AAA7239B924F0009227D /* Manypulo.xcdatamodeld */ = {
			isa = XCVersionGroup;
			children = (
				4754AAA8239B924F0009227D /* Manypulo.xcdatamodel */,
			);
			currentVersion = 4754AAA8239B924F0009227D /* Manypulo.xcdatamodel */;
			path = Manypulo.xcdatamodeld;
			sourceTree = "<group>";
			versionGroupType = wrapper.xcdatamodel;
		};
/* End XCVersionGroup section */
	};
	rootObject = 4754AA98239B924F0009227D /* Project object */;
}
